{
  "name": "codespaces-blank",
  "version": "1.0.0",
  "lockfileVersion": 3,
  "requires": true,
  "packages": {
    "": {
      "name": "codespaces-blank",
      "version": "1.0.0",
      "license": "MIT",
      "devDependencies": {
        "pnpm": "^11.21.0"
      }
    },
    "node_modules/pnpm": {
      "version": "11.21.0",
      "resolved": "https://registry.npmjs.org/pnpm/-/pnpm-11.21.0.tgz",
      "integrity": "sha512-UhcFvOaJkk6scvWjWHEi82JonvZXHlW6gAdv1jfBETLs/62ib61Op5xIW/3b/T1aKlsFgFp36JPeceyKbMo7sQ==",
      "dev": true,
      "license": "MIT",
      "bin": {
        "pn": "bin/pnpm.mjs",
        "pnpm": "bin/pnpm.mjs",
        "pnpx": "bin/pnpx.mjs",
        "pnx": "bin/pnpx.mjs"
      },
      "engines": {
        "node": ">=22.13"
      },
      "funding": {
        "url": "https://opencollective.com/pnpm"
      }
    }
  }
}
