{
  "name": "codespaces-blank",
  "version": "1.0.0",
  "lockfileVersion": 3,
  "requires": true,
  "packages": {
    "": {
      "name": "codespaces-blank",
      "version": "1.0.0",
      "license": "MIT",
      "devDependencies": {
        "pnpm": "^11.15.1"
      }
    },
    "node_modules/pnpm": {
      "version": "11.15.1",
      "resolved": "https://registry.npmjs.org/pnpm/-/pnpm-11.15.1.tgz",
      "integrity": "sha512-gTULB+U8lTigLx8jA7QpD6LXvgTlbiqXDEzEtBfcdh3hlu2r1J1Vx9yVgNuBAHxEFD5OPX5GKzAA0jwlUSLQZQ==",
      "dev": true,
      "license": "MIT",
      "bin": {
        "pn": "bin/pnpm.mjs",
        "pnpm": "bin/pnpm.mjs",
        "pnpx": "bin/pnpx.mjs",
        "pnx": "bin/pnpx.mjs"
      },
      "engines": {
        "node": ">=22.13"
      },
      "funding": {
        "url": "https://opencollective.com/pnpm"
      }
    }
  }
}
