{
  "name": "codespaces-blank",
  "version": "1.0.0",
  "lockfileVersion": 3,
  "requires": true,
  "packages": {
    "": {
      "name": "codespaces-blank",
      "version": "1.0.0",
      "license": "MIT",
      "devDependencies": {
        "pnpm": "^11.20.0"
      }
    },
    "node_modules/pnpm": {
      "version": "11.20.0",
      "resolved": "https://registry.npmjs.org/pnpm/-/pnpm-11.20.0.tgz",
      "integrity": "sha512-mm8zCpW2ZEbqCI+vFSFAWooB8H/ecSTMmVjf7VLUu0NnN+ZbCPhfN7Rvy6N1CSVYrFEmK4FoRLIvY0Bu0Wa/7g==",
      "dev": true,
      "license": "MIT",
      "bin": {
        "pn": "bin/pnpm.mjs",
        "pnpm": "bin/pnpm.mjs",
        "pnpx": "bin/pnpx.mjs",
        "pnx": "bin/pnpx.mjs"
      },
      "engines": {
        "node": ">=22.13"
      },
      "funding": {
        "url": "https://opencollective.com/pnpm"
      }
    }
  }
}
